
Microsoft Visual Studio Solution File, Format Version 12.00
# Visual Studio Version 17
VisualStudioVersion = 17.14.36518.9 d17.14
MinimumVisualStudioVersion = 10.0.40219.1
Project("{FAE04EC0-301F-11D3-BF4B-00C04F79EFBC}") = "Citire-rapida", "Citire-rapida\Citire-rapida.csproj", "{F05763D8-92B0-4297-A59C-374AE038812F}"
EndProject
Global
	GlobalSection(SolutionConfigurationPlatforms) = preSolution
		Debug|Any CPU = Debug|Any CPU
		Release|Any CPU = Release|Any CPU
	EndGlobalSection
	GlobalSection(ProjectConfigurationPlatforms) = postSolution
		{F05763D8-92B0-4297-A59C-374AE038812F}.Debug|Any CPU.ActiveCfg = Debug|Any CPU
		{F05763D8-92B0-4297-A59C-374AE038812F}.Debug|Any CPU.Build.0 = Debug|Any CPU
		{F05763D8-92B0-4297-A59C-374AE038812F}.Release|Any CPU.ActiveCfg = Release|Any CPU
		{F05763D8-92B0-4297-A59C-374AE038812F}.Release|Any CPU.Build.0 = Release|Any CPU
	EndGlobalSection
	GlobalSection(SolutionProperties) = preSolution
		HideSolutionNode = FALSE
	EndGlobalSection
	GlobalSection(ExtensibilityGlobals) = postSolution
		SolutionGuid = {63601880-C5CB-4D70-B211-C53E22F9D659}
	EndGlobalSection
EndGlobal
